// !$*UTF8*$!
{
	archiveVersion = 1;
	classes = {
	};
	objectVersion = 50;
	objects = {

/* Begin PBXBuildFile section */
		ED860ECB26FA1BB700ACE597 /* AppDelegate.swift in Sources */ = {isa = PBXBuildFile; fileRef = ED860ECA26FA1BB700ACE597 /* AppDelegate.swift */; };
		ED860ECD26FA1BB700ACE597 /* SceneDelegate.swift in Sources */ = {isa = PBXBuildFile; fileRef = ED860ECC26FA1BB700ACE597 /* SceneDelegate.swift */; };
		ED860ECF26FA1BB700ACE597 /* ViewController.swift in Sources */ = {isa = PBXBuildFile; fileRef = ED860ECE26FA1BB700ACE597 /* ViewController.swift */; };
		ED860ED226FA1BB700ACE597 /* Main.storyboard in Resources */ = {isa = PBXBuildFile; fileRef = ED860ED026FA1BB700ACE597 /* Main.storyboard */; };
		ED860ED426FA1BBB00ACE597 /* Assets.xcassets in Resources */ = {isa = PBXBuildFile; fileRef = ED860ED326FA1BBB00ACE597 /* Assets.xcassets */; };
		ED860ED726FA1BBB00ACE597 /* LaunchScreen.storyboard in Resources */ = {isa = PBXBuildFile; fileRef = ED860ED526FA1BBB00ACE597 /* LaunchScreen.storyboard */; };
		ED860EE226FA1BBC00ACE597 /* DrawMeASheepTests.swift in Sources */ = {isa = PBXBuildFile; fileRef = ED860EE126FA1BBC00ACE597 /* DrawMeASheepTests.swift */; };
		ED860EED26FA1BBC00ACE597 /* DrawMeASheepUITests.swift in Sources */ = {isa = PBXBuildFile; fileRef = ED860EEC26FA1BBC00ACE597 /* DrawMeASheepUITests.swift */; };
/* End PBXBuildFile section */

/* Begin PBXContainerItemProxy section */
		ED860EDE26FA1BBC00ACE597 /* PBXContainerItemProxy */ = {
			isa = PBXContainerItemProxy;
			containerPortal = ED860EBF26FA1BB700ACE597 /* Project object */;
			proxyType = 1;
			remoteGlobalIDString = ED860EC626FA1BB700ACE597;
			remoteInfo = DrawMeASheep;
		};
		ED860EE926FA1BBC00ACE597 /* PBXContainerItemProxy */ = {
			isa = PBXContainerItemProxy;
			containerPortal = ED860EBF26FA1BB700ACE597 /* Project object */;
			proxyType = 1;
			remoteGlobalIDString = ED860EC626FA1BB700ACE597;
			remoteInfo = DrawMeASheep;
		};
/* End PBXContainerItemProxy section */

/* Begin PBXFileReference section */
		ED860EC726FA1BB700ACE597 /* DrawMeASheep.app */ = {isa = PBXFileReference; explicitFileType = wrapper.application; includeInIndex = 0; path = DrawMeASheep.app; sourceTree = BUILT_PRODUCTS_DIR; };
		ED860ECA26FA1BB700ACE597 /* AppDelegate.swift */ = {isa = PBXFileReference; lastKnownFileType = sourcecode.swift; path = AppDelegate.swift; sourceTree = "<group>"; };
		ED860ECC26FA1BB700ACE597 /* SceneDelegate.swift */ = {isa = PBXFileReference; lastKnownFileType = sourcecode.swift; path = SceneDelegate.swift; sourceTree = "<group>"; };
		ED860ECE26FA1BB700ACE597 /* ViewController.swift */ = {isa = PBXFileReference; lastKnownFileType = sourcecode.swift; path = ViewController.swift; sourceTree = "<group>"; };
		ED860ED126FA1BB700ACE597 /* Base */ = {isa = PBXFileReference; lastKnownFileType = file.storyboard; name = Base; path = Base.lproj/Main.storyboard; sourceTree = "<group>"; };
		ED860ED326FA1BBB00ACE597 /* Assets.xcassets */ = {isa = PBXFileReference; lastKnownFileType = folder.assetcatalog; path = Assets.xcassets; sourceTree = "<group>"; };
		ED860ED626FA1BBB00ACE597 /* Base */ = {isa = PBXFileReference; lastKnownFileType = file.storyboard; name = Base; path = Base.lproj/LaunchScreen.storyboard; sourceTree = "<group>"; };
		ED860ED826FA1BBB00ACE597 /* Info.plist */ = {isa = PBXFileReference; lastKnownFileType = text.plist.xml; path = Info.plist; sourceTree = "<group>"; };
		ED860EDD26FA1BBC00ACE597 /* DrawMeASheepTests.xctest */ = {isa = PBXFileReference; explicitFileType = wrapper.cfbundle; includeInIndex = 0; path = DrawMeASheepTests.xctest; sourceTree = BUILT_PRODUCTS_DIR; };
		ED860EE126FA1BBC00ACE597 /* DrawMeASheepTests.swift */ = {isa = PBXFileReference; lastKnownFileType = sourcecode.swift; path = DrawMeASheepTests.swift; sourceTree = "<group>"; };
		ED860EE326FA1BBC00ACE597 /* Info.plist */ = {isa = PBXFileReference; lastKnownFileType = text.plist.xml; path = Info.plist; sourceTree = "<group>"; };
		ED860EE826FA1BBC00ACE597 /* DrawMeASheepUITests.xctest */ = {isa = PBXFileReference; explicitFileType = wrapper.cfbundle; includeInIndex = 0; path = DrawMeASheepUITests.xctest; sourceTree = BUILT_PRODUCTS_DIR; };
		ED860EEC26FA1BBC00ACE597 /* DrawMeASheepUITests.swift */ = {isa = PBXFileReference; lastKnownFileType = sourcecode.swift; path = DrawMeASheepUITests.swift; sourceTree = "<group>"; };
		ED860EEE26FA1BBC00ACE597 /* Info.plist */ = {isa = PBXFileReference; lastKnownFileType = text.plist.xml; path = Info.plist; sourceTree = "<group>"; };
/* End PBXFileReference section */

/* Begin PBXFrameworksBuildPhase section */
		ED860EC426FA1BB700ACE597 /* Frameworks */ = {
			isa = PBXFrameworksBuildPhase;
			buildActionMask = 2147483647;
			files = (
			);
			runOnlyForDeploymentPostprocessing = 0;
		};
		ED860EDA26FA1BBC00ACE597 /* Frameworks */ = {
			isa = PBXFrameworksBuildPhase;
			buildActionMask = 2147483647;
			files = (
			);
			runOnlyForDeploymentPostprocessing = 0;
		};
		ED860EE526FA1BBC00ACE597 /* Frameworks */ = {
			isa = PBXFrameworksBuildPhase;
			buildActionMask = 2147483647;
			files = (
			);
			runOnlyForDeploymentPostprocessing = 0;
		};
/* End PBXFrameworksBuildPhase section */

/* Begin PBXGroup section */
		ED860EBE26FA1BB700ACE597 = {
			isa = PBXGroup;
			children = (
				ED860EC926FA1BB700ACE597 /* DrawMeASheep */,
				ED860EE026FA1BBC00ACE597 /* DrawMeASheepTests */,
				ED860EEB26FA1BBC00ACE597 /* DrawMeASheepUITests */,
				ED860EC826FA1BB700ACE597 /* Products */,
			);
			sourceTree = "<group>";
		};
		ED860EC826FA1BB700ACE597 /* Products */ = {
			isa = PBXGroup;
			children = (
				ED860EC726FA1BB700ACE597 /* DrawMeASheep.app */,
				ED860EDD26FA1BBC00ACE597 /* DrawMeASheepTests.xctest */,
				ED860EE826FA1BBC00ACE597 /* DrawMeASheepUITests.xctest */,
			);
			name = Products;
			sourceTree = "<group>";
		};
		ED860EC926FA1BB700ACE597 /* DrawMeASheep */ = {
			isa = PBXGroup;
			children = (
				ED860ECA26FA1BB700ACE597 /* AppDelegate.swift */,
				ED860ECC26FA1BB700ACE597 /* SceneDelegate.swift */,
				ED860ECE26FA1BB700ACE597 /* ViewController.swift */,
				ED860ED026FA1BB700ACE597 /* Main.storyboard */,
				ED860ED326FA1BBB00ACE597 /* Assets.xcassets */,
				ED860ED526FA1BBB00ACE597 /* LaunchScreen.storyboard */,
				ED860ED826FA1BBB00ACE597 /* Info.plist */,
			);
			path = DrawMeASheep;
			sourceTree = "<group>";
		};
		ED860EE026FA1BBC00ACE597 /* DrawMeASheepTests */ = {
			isa = PBXGroup;
			children = (
				ED860EE126FA1BBC00ACE597 /* DrawMeASheepTests.swift */,
				ED860EE326FA1BBC00ACE597 /* Info.plist */,
			);
			path = DrawMeASheepTests;
			sourceTree = "<group>";
		};
		ED860EEB26FA1BBC00ACE597 /* DrawMeASheepUITests */ = {
			isa = PBXGroup;
			children = (
				ED860EEC26FA1BBC00ACE597 /* DrawMeASheepUITests.swift */,
				ED860EEE26FA1BBC00ACE597 /* Info.plist */,
			);
			path = DrawMeASheepUITests;
			sourceTree = "<group>";
		};
/* End PBXGroup section */

/* Begin PBXNativeTarget section */
		ED860EC626FA1BB700ACE597 /* DrawMeASheep */ = {
			isa = PBXNativeTarget;
			buildConfigurationList = ED860EF126FA1BBC00ACE597 /* Build configuration list for PBXNativeTarget "DrawMeASheep" */;
			buildPhases = (
				ED860EC326FA1BB700ACE597 /* Sources */,
				ED860EC426FA1BB700ACE597 /* Frameworks */,
				ED860EC526FA1BB700ACE597 /* Resources */,
			);
			buildRules = (
			);
			dependencies = (
			);
			name = DrawMeASheep;
			productName = DrawMeASheep;
			productReference = ED860EC726FA1BB700ACE597 /* DrawMeASheep.app */;
			productType = "com.apple.product-type.application";
		};
		ED860EDC26FA1BBC00ACE597 /* DrawMeASheepTests */ = {
			isa = PBXNativeTarget;
			buildConfigurationList = ED860EF426FA1BBC00ACE597 /* Build configuration list for PBXNativeTarget "DrawMeASheepTests" */;
			buildPhases = (
				ED860ED926FA1BBC00ACE597 /* Sources */,
				ED860EDA26FA1BBC00ACE597 /* Frameworks */,
				ED860EDB26FA1BBC00ACE597 /* Resources */,
			);
			buildRules = (
			);
			dependencies = (
				ED860EDF26FA1BBC00ACE597 /* PBXTargetDependency */,
			);
			name = DrawMeASheepTests;
			productName = DrawMeASheepTests;
			productReference = ED860EDD26FA1BBC00ACE597 /* DrawMeASheepTests.xctest */;
			productType = "com.apple.product-type.bundle.unit-test";
		};
		ED860EE726FA1BBC00ACE597 /* DrawMeASheepUITests */ = {
			isa = PBXNativeTarget;
			buildConfigurationList = ED860EF726FA1BBC00ACE597 /* Build configuration list for PBXNativeTarget "DrawMeASheepUITests" */;
			buildPhases = (
				ED860EE426FA1BBC00ACE597 /* Sources */,
				ED860EE526FA1BBC00ACE597 /* Frameworks */,
				ED860EE626FA1BBC00ACE597 /* Resources */,
			);
			buildRules = (
			);
			dependencies = (
				ED860EEA26FA1BBC00ACE597 /* PBXTargetDependency */,
			);
			name = DrawMeASheepUITests;
			productName = DrawMeASheepUITests;
			productReference = ED860EE826FA1BBC00ACE597 /* DrawMeASheepUITests.xctest */;
			productType = "com.apple.product-type.bundle.ui-testing";
		};
/* End PBXNativeTarget section */

/* Begin PBXProject section */
		ED860EBF26FA1BB700ACE597 /* Project object */ = {
			isa = PBXProject;
			attributes = {
				LastSwiftUpdateCheck = 1250;
				LastUpgradeCheck = 1250;
				TargetAttributes = {
					ED860EC626FA1BB700ACE597 = {
						CreatedOnToolsVersion = 12.5.1;
					};
					ED860EDC26FA1BBC00ACE597 = {
						CreatedOnToolsVersion = 12.5.1;
						TestTargetID = ED860EC626FA1BB700ACE597;
					};
					ED860EE726FA1BBC00ACE597 = {
						CreatedOnToolsVersion = 12.5.1;
						TestTargetID = ED860EC626FA1BB700ACE597;
					};
				};
			};
			buildConfigurationList = ED860EC226FA1BB700ACE597 /* Build configuration list for PBXProject "DrawMeASheep" */;
			compatibilityVersion = "Xcode 9.3";
			developmentRegion = en;
			hasScannedForEncodings = 0;
			knownRegions = (
				en,
				Base,
			);
			mainGroup = ED860EBE26FA1BB700ACE597;
			productRefGroup = ED860EC826FA1BB700ACE597 /* Products */;
			projectDirPath = "";
			projectRoot = "";
			targets = (
				ED860EC626FA1BB700ACE597 /* DrawMeASheep */,
				ED860EDC26FA1BBC00ACE597 /* DrawMeASheepTests */,
				ED860EE726FA1BBC00ACE597 /* DrawMeASheepUITests */,
			);
		};
/* End PBXProject section */

/* Begin PBXResourcesBuildPhase section */
		ED860EC526FA1BB700ACE597 /* Resources */ = {
			isa = PBXResourcesBuildPhase;
			buildActionMask = 2147483647;
			files = (
				ED860ED726FA1BBB00ACE597 /* LaunchScreen.storyboard in Resources */,
				ED860ED426FA1BBB00ACE597 /* Assets.xcassets in Resources */,
				ED860ED226FA1BB700ACE597 /* Main.storyboard in Resources */,
			);
			runOnlyForDeploymentPostprocessing = 0;
		};
		ED860EDB26FA1BBC00ACE597 /* Resources */ = {
			isa = PBXResourcesBuildPhase;
			buildActionMask = 2147483647;
			files = (
			);
			runOnlyForDeploymentPostprocessing = 0;
		};
		ED860EE626FA1BBC00ACE597 /* Resources */ = {
			isa = PBXResourcesBuildPhase;
			buildActionMask = 2147483647;
			files = (
			);
			runOnlyForDeploymentPostprocessing = 0;
		};
/* End PBXResourcesBuildPhase section */

/* Begin PBXSourcesBuildPhase section */
		ED860EC326FA1BB700ACE597 /* Sources */ = {
			isa = PBXSourcesBuildPhase;
			buildActionMask = 2147483647;
			files = (
				ED860ECF26FA1BB700ACE597 /* ViewController.swift in Sources */,
				ED860ECB26FA1BB700ACE597 /* AppDelegate.swift in Sources */,
				ED860ECD26FA1BB700ACE597 /* SceneDelegate.swift in Sources */,
			);
			runOnlyForDeploymentPostprocessing = 0;
		};
		ED860ED926FA1BBC00ACE597 /* Sources */ = {
			isa = PBXSourcesBuildPhase;
			buildActionMask = 2147483647;
			files = (
				ED860EE226FA1BBC00ACE597 /* DrawMeASheepTests.swift in Sources */,
			);
			runOnlyForDeploymentPostprocessing = 0;
		};
		ED860EE426FA1BBC00ACE597 /* Sources */ = {
			isa = PBXSourcesBuildPhase;
			buildActionMask = 2147483647;
			files = (
				ED860EED26FA1BBC00ACE597 /* DrawMeASheepUITests.swift in Sources */,
			);
			runOnlyForDeploymentPostprocessing = 0;
		};
/* End PBXSourcesBuildPhase section */

/* Begin PBXTargetDependency section */
		ED860EDF26FA1BBC00ACE597 /* PBXTargetDependency */ = {
			isa = PBXTargetDependency;
			target = ED860EC626FA1BB700ACE597 /* DrawMeASheep */;
			targetProxy = ED860EDE26FA1BBC00ACE597 /* PBXContainerItemProxy */;
		};
		ED860EEA26FA1BBC00ACE597 /* PBXTargetDependency */ = {
			isa = PBXTargetDependency;
			target = ED860EC626FA1BB700ACE597 /* DrawMeASheep */;
			targetProxy = ED860EE926FA1BBC00ACE597 /* PBXContainerItemProxy */;
		};
/* End PBXTargetDependency section */

/* Begin PBXVariantGroup section */
		ED860ED026FA1BB700ACE597 /* Main.storyboard */ = {
			isa = PBXVariantGroup;
			children = (
				ED860ED126FA1BB700ACE597 /* Base */,
			);
			name = Main.storyboard;
			sourceTree = "<group>";
		};
		ED860ED526FA1BBB00ACE597 /* LaunchScreen.storyboard */ = {
			isa = PBXVariantGroup;
			children = (
				ED860ED626FA1BBB00ACE597 /* Base */,
			);
			name = LaunchScreen.storyboard;
			sourceTree = "<group>";
		};
/* End PBXVariantGroup section */

/* Begin XCBuildConfiguration section */
		ED860EEF26FA1BBC00ACE597 /* Debug */ = {
			isa = XCBuildConfiguration;
			buildSettings = {
				ALWAYS_SEARCH_USER_PATHS = NO;
				CLANG_ANALYZER_NONNULL = YES;
				CLANG_ANALYZER_NUMBER_OBJECT_CONVERSION = YES_AGGRESSIVE;
				CLANG_CXX_LANGUAGE_STANDARD = "gnu++14";
				CLANG_CXX_LIBRARY = "libc++";
				CLANG_ENABLE_MODULES = YES;
				CLANG_ENABLE_OBJC_ARC = YES;
				CLANG_ENABLE_OBJC_WEAK = YES;
				CLANG_WARN_BLOCK_CAPTURE_AUTORELEASING = YES;
				CLANG_WARN_BOOL_CONVERSION = YES;
				CLANG_WARN_COMMA = YES;
				CLANG_WARN_CONSTANT_CONVERSION = YES;
				CLANG_WARN_DEPRECATED_OBJC_IMPLEMENTATIONS = YES;
				CLANG_WARN_DIRECT_OBJC_ISA_USAGE = YES_ERROR;
				CLANG_WARN_DOCUMENTATION_COMMENTS = YES;
				CLANG_WARN_EMPTY_BODY = YES;
				CLANG_WARN_ENUM_CONVERSION = YES;
				CLANG_WARN_INFINITE_RECURSION = YES;
				CLANG_WARN_INT_CONVERSION = YES;
				CLANG_WARN_NON_LITERAL_NULL_CONVERSION = YES;
				CLANG_WARN_OBJC_IMPLICIT_RETAIN_SELF = YES;
				CLANG_WARN_OBJC_LITERAL_CONVERSION = YES;
				CLANG_WARN_OBJC_ROOT_CLASS = YES_ERROR;
				CLANG_WARN_QUOTED_INCLUDE_IN_FRAMEWORK_HEADER = YES;
				CLANG_WARN_RANGE_LOOP_ANALYSIS = YES;
				CLANG_WARN_STRICT_PROTOTYPES = YES;
				CLANG_WARN_SUSPICIOUS_MOVE = YES;
				CLANG_WARN_UNGUARDED_AVAILABILITY = YES_AGGRESSIVE;
				CLANG_WARN_UNREACHABLE_CODE = YES;
				CLANG_WARN__DUPLICATE_METHOD_MATCH = YES;
				COPY_PHASE_STRIP = NO;
				DEBUG_INFORMATION_FORMAT = dwarf;
				ENABLE_STRICT_OBJC_MSGSEND = YES;
				ENABLE_TESTABILITY = YES;
				GCC_C_LANGUAGE_STANDARD = gnu11;
				GCC_DYNAMIC_NO_PIC = NO;
				GCC_NO_COMMON_BLOCKS = YES;
				GCC_OPTIMIZATION_LEVEL = 0;
				GCC_PREPROCESSOR_DEFINITIONS = (
					"DEBUG=1",
					"$(inherited)",
				);
				GCC_WARN_64_TO_32_BIT_CONVERSION = YES;
				GCC_WARN_ABOUT_RETURN_TYPE = YES_ERROR;
				GCC_WARN_UNDECLARED_SELECTOR = YES;
				GCC_WARN_UNINITIALIZED_AUTOS = YES_AGGRESSIVE;
				GCC_WARN_UNUSED_FUNCTION = YES;
				GCC_WARN_UNUSED_VARIABLE = YES;
				IPHONEOS_DEPLOYMENT_TARGET = 14.5;
				MTL_ENABLE_DEBUG_INFO = INCLUDE_SOURCE;
				MTL_FAST_MATH = YES;
				ONLY_ACTIVE_ARCH = YES;
				SDKROOT = iphoneos;
				SWIFT_ACTIVE_COMPILATION_CONDITIONS = DEBUG;
				SWIFT_OPTIMIZATION_LEVEL = "-Onone";
			};
			name = Debug;
		};
		ED860EF026FA1BBC00ACE597 /* Release */ = {
			isa = XCBuildConfiguration;
			buildSettings = {
				ALWAYS_SEARCH_USER_PATHS = NO;
				CLANG_ANALYZER_NONNULL = YES;
				CLANG_ANALYZER_NUMBER_OBJECT_CONVERSION = YES_AGGRESSIVE;
				CLANG_CXX_LANGUAGE_STANDARD = "gnu++14";
				CLANG_CXX_LIBRARY = "libc++";
				CLANG_ENABLE_MODULES = YES;
				CLANG_ENABLE_OBJC_ARC = YES;
				CLANG_ENABLE_OBJC_WEAK = YES;
				CLANG_WARN_BLOCK_CAPTURE_AUTORELEASING = YES;
				CLANG_WARN_BOOL_CONVERSION = YES;
				CLANG_WARN_COMMA = YES;
				CLANG_WARN_CONSTANT_CONVERSION = YES;
				CLANG_WARN_DEPRECATED_OBJC_IMPLEMENTATIONS = YES;
				CLANG_WARN_DIRECT_OBJC_ISA_USAGE = YES_ERROR;
				CLANG_WARN_DOCUMENTATION_COMMENTS = YES;
				CLANG_WARN_EMPTY_BODY = YES;
				CLANG_WARN_ENUM_CONVERSION = YES;
				CLANG_WARN_INFINITE_RECURSION = YES;
				CLANG_WARN_INT_CONVERSION = YES;
				CLANG_WARN_NON_LITERAL_NULL_CONVERSION = YES;
				CLANG_WARN_OBJC_IMPLICIT_RETAIN_SELF = YES;
				CLANG_WARN_OBJC_LITERAL_CONVERSION = YES;
				CLANG_WARN_OBJC_ROOT_CLASS = YES_ERROR;
				CLANG_WARN_QUOTED_INCLUDE_IN_FRAMEWORK_HEADER = YES;
				CLANG_WARN_RANGE_LOOP_ANALYSIS = YES;
				CLANG_WARN_STRICT_PROTOTYPES = YES;
				CLANG_WARN_SUSPICIOUS_MOVE = YES;
				CLANG_WARN_UNGUARDED_AVAILABILITY = YES_AGGRESSIVE;
				CLANG_WARN_UNREACHABLE_CODE = YES;
				CLANG_WARN__DUPLICATE_METHOD_MATCH = YES;
				COPY_PHASE_STRIP = NO;
				DEBUG_INFORMATION_FORMAT = "dwarf-with-dsym";
				ENABLE_NS_ASSERTIONS = NO;
				ENABLE_STRICT_OBJC_MSGSEND = YES;
				GCC_C_LANGUAGE_STANDARD = gnu11;
				GCC_NO_COMMON_BLOCKS = YES;
				GCC_WARN_64_TO_32_BIT_CONVERSION = YES;
				GCC_WARN_ABOUT_RETURN_TYPE = YES_ERROR;
				GCC_WARN_UNDECLARED_SELECTOR = YES;
				GCC_WARN_UNINITIALIZED_AUTOS = YES_AGGRESSIVE;
				GCC_WARN_UNUSED_FUNCTION = YES;
				GCC_WARN_UNUSED_VARIABLE = YES;
				IPHONEOS_DEPLOYMENT_TARGET = 14.5;
				MTL_ENABLE_DEBUG_INFO = NO;
				MTL_FAST_MATH = YES;
				SDKROOT = iphoneos;
				SWIFT_COMPILATION_MODE = wholemodule;
				SWIFT_OPTIMIZATION_LEVEL = "-O";
				VALIDATE_PRODUCT = YES;
			};
			name = Release;
		};
		ED860EF226FA1BBC00ACE597 /* Debug */ = {
			isa = XCBuildConfiguration;
			buildSettings = {
				ASSETCATALOG_COMPILER_APPICON_NAME = AppIcon;
				ASSETCATALOG_COMPILER_GLOBAL_ACCENT_COLOR_NAME = AccentColor;
				CODE_SIGN_STYLE = Automatic;
				DEVELOPMENT_TEAM = 4YY8RWBX94;
				INFOPLIST_FILE = DrawMeASheep/Info.plist;
				LD_RUNPATH_SEARCH_PATHS = (
					"$(inherited)",
					"@executable_path/Frameworks",
				);
				PRODUCT_BUNDLE_IDENTIFIER = com.tt.DrawMeASheep;
				PRODUCT_NAME = "$(TARGET_NAME)";
				SWIFT_VERSION = 5.0;
				TARGETED_DEVICE_FAMILY = "1,2";
			};
			name = Debug;
		};
		ED860EF326FA1BBC00ACE597 /* Release */ = {
			isa = XCBuildConfiguration;
			buildSettings = {
				ASSETCATALOG_COMPILER_APPICON_NAME = AppIcon;
				ASSETCATALOG_COMPILER_GLOBAL_ACCENT_COLOR_NAME = AccentColor;
				CODE_SIGN_STYLE = Automatic;
				DEVELOPMENT_TEAM = 4YY8RWBX94;
				INFOPLIST_FILE = DrawMeASheep/Info.plist;
				LD_RUNPATH_SEARCH_PATHS = (
					"$(inherited)",
					"@executable_path/Frameworks",
				);
				PRODUCT_BUNDLE_IDENTIFIER = com.tt.DrawMeASheep;
				PRODUCT_NAME = "$(TARGET_NAME)";
				SWIFT_VERSION = 5.0;
				TARGETED_DEVICE_FAMILY = "1,2";
			};
			name = Release;
		};
		ED860EF526FA1BBC00ACE597 /* Debug */ = {
			isa = XCBuildConfiguration;
			buildSettings = {
				ALWAYS_EMBED_SWIFT_STANDARD_LIBRARIES = YES;
				BUNDLE_LOADER = "$(TEST_HOST)";
				CODE_SIGN_STYLE = Automatic;
				DEVELOPMENT_TEAM = 4YY8RWBX94;
				INFOPLIST_FILE = DrawMeASheepTests/Info.plist;
				IPHONEOS_DEPLOYMENT_TARGET = 14.5;
				LD_RUNPATH_SEARCH_PATHS = (
					"$(inherited)",
					"@executable_path/Frameworks",
					"@loader_path/Frameworks",
				);
				PRODUCT_BUNDLE_IDENTIFIER = com.tt.DrawMeASheepTests;
				PRODUCT_NAME = "$(TARGET_NAME)";
				SWIFT_VERSION = 5.0;
				TARGETED_DEVICE_FAMILY = "1,2";
				TEST_HOST = "$(BUILT_PRODUCTS_DIR)/DrawMeASheep.app/DrawMeASheep";
			};
			name = Debug;
		};
		ED860EF626FA1BBC00ACE597 /* Release */ = {
			isa = XCBuildConfiguration;
			buildSettings = {
				ALWAYS_EMBED_SWIFT_STANDARD_LIBRARIES = YES;
				BUNDLE_LOADER = "$(TEST_HOST)";
				CODE_SIGN_STYLE = Automatic;
				DEVELOPMENT_TEAM = 4YY8RWBX94;
				INFOPLIST_FILE = DrawMeASheepTests/Info.plist;
				IPHONEOS_DEPLOYMENT_TARGET = 14.5;
				LD_RUNPATH_SEARCH_PATHS = (
					"$(inherited)",
					"@executable_path/Frameworks",
					"@loader_path/Frameworks",
				);
				PRODUCT_BUNDLE_IDENTIFIER = com.tt.DrawMeASheepTests;
				PRODUCT_NAME = "$(TARGET_NAME)";
				SWIFT_VERSION = 5.0;
				TARGETED_DEVICE_FAMILY = "1,2";
				TEST_HOST = "$(BUILT_PRODUCTS_DIR)/DrawMeASheep.app/DrawMeASheep";
			};
			name = Release;
		};
		ED860EF826FA1BBC00ACE597 /* Debug */ = {
			isa = XCBuildConfiguration;
			buildSettings = {
				ALWAYS_EMBED_SWIFT_STANDARD_LIBRARIES = YES;
				CODE_SIGN_STYLE = Automatic;
				DEVELOPMENT_TEAM = 4YY8RWBX94;
				INFOPLIST_FILE = DrawMeASheepUITests/Info.plist;
				LD_RUNPATH_SEARCH_PATHS = (
					"$(inherited)",
					"@executable_path/Frameworks",
					"@loader_path/Frameworks",
				);
				PRODUCT_BUNDLE_IDENTIFIER = com.tt.DrawMeASheepUITests;
				PRODUCT_NAME = "$(TARGET_NAME)";
				SWIFT_VERSION = 5.0;
				TARGETED_DEVICE_FAMILY = "1,2";
				TEST_TARGET_NAME = DrawMeASheep;
			};
			name = Debug;
		};
		ED860EF926FA1BBC00ACE597 /* Release */ = {
			isa = XCBuildConfiguration;
			buildSettings = {
				ALWAYS_EMBED_SWIFT_STANDARD_LIBRARIES = YES;
				CODE_SIGN_STYLE = Automatic;
				DEVELOPMENT_TEAM = 4YY8RWBX94;
				INFOPLIST_FILE = DrawMeASheepUITests/Info.plist;
				LD_RUNPATH_SEARCH_PATHS = (
					"$(inherited)",
					"@executable_path/Frameworks",
					"@loader_path/Frameworks",
				);
				PRODUCT_BUNDLE_IDENTIFIER = com.tt.DrawMeASheepUITests;
				PRODUCT_NAME = "$(TARGET_NAME)";
				SWIFT_VERSION = 5.0;
				TARGETED_DEVICE_FAMILY = "1,2";
				TEST_TARGET_NAME = DrawMeASheep;
			};
			name = Release;
		};
/* End XCBuildConfiguration section */

/* Begin XCConfigurationList section */
		ED860EC226FA1BB700ACE597 /* Build configuration list for PBXProject "DrawMeASheep" */ = {
			isa = XCConfigurationList;
			buildConfigurations = (
				ED860EEF26FA1BBC00ACE597 /* Debug */,
				ED860EF026FA1BBC00ACE597 /* Release */,
			);
			defaultConfigurationIsVisible = 0;
			defaultConfigurationName = Release;
		};
		ED860EF126FA1BBC00ACE597 /* Build configuration list for PBXNativeTarget "DrawMeASheep" */ = {
			isa = XCConfigurationList;
			buildConfigurations = (
				ED860EF226FA1BBC00ACE597 /* Debug */,
				ED860EF326FA1BBC00ACE597 /* Release */,
			);
			defaultConfigurationIsVisible = 0;
			defaultConfigurationName = Release;
		};
		ED860EF426FA1BBC00ACE597 /* Build configuration list for PBXNativeTarget "DrawMeASheepTests" */ = {
			isa = XCConfigurationList;
			buildConfigurations = (
				ED860EF526FA1BBC00ACE597 /* Debug */,
				ED860EF626FA1BBC00ACE597 /* Release */,
			);
			defaultConfigurationIsVisible = 0;
			defaultConfigurationName = Release;
		};
		ED860EF726FA1BBC00ACE597 /* Build configuration list for PBXNativeTarget "DrawMeASheepUITests" */ = {
			isa = XCConfigurationList;
			buildConfigurations = (
				ED860EF826FA1BBC00ACE597 /* Debug */,
				ED860EF926FA1BBC00ACE597 /* Release */,
			);
			defaultConfigurationIsVisible = 0;
			defaultConfigurationName = Release;
		};
/* End XCConfigurationList section */
	};
	rootObject = ED860EBF26FA1BB700ACE597 /* Project object */;
}
